// !$*UTF8*$!
{
	archiveVersion = 1;
	classes = {
	};
	objectVersion = 50;
	objects = {

/* Begin PBXBuildFile section */
		A85DD44E2490C588005EFB6B /* AppDelegate.m in Sources */ = {isa = PBXBuildFile; fileRef = A85DD44D2490C588005EFB6B /* AppDelegate.m */; };
		A85DD4512490C588005EFB6B /* SceneDelegate.m in Sources */ = {isa = PBXBuildFile; fileRef = A85DD4502490C588005EFB6B /* SceneDelegate.m */; };
		A85DD4542490C588005EFB6B /* ViewController.m in Sources */ = {isa = PBXBuildFile; fileRef = A85DD4532490C588005EFB6B /* ViewController.m */; };
		A85DD4572490C588005EFB6B /* Main.storyboard in Resources */ = {isa = PBXBuildFile; fileRef = A85DD4552490C588005EFB6B /* Main.storyboard */; };
		A85DD4592490C58F005EFB6B /* Assets.xcassets in Resources */ = {isa = PBXBuildFile; fileRef = A85DD4582490C58F005EFB6B /* Assets.xcassets */; };
		A85DD45C2490C58F005EFB6B /* LaunchScreen.storyboard in Resources */ = {isa = PBXBuildFile; fileRef = A85DD45A2490C58F005EFB6B /* LaunchScreen.storyboard */; };
		A85DD45F2490C58F005EFB6B /* main.m in Sources */ = {isa = PBXBuildFile; fileRef = A85DD45E2490C58F005EFB6B /* main.m */; };
		A85DD4672490C5AD005EFB6B /* topView.m in Sources */ = {isa = PBXBuildFile; fileRef = A85DD4662490C5AD005EFB6B /* topView.m */; };
		A85DD46A2490E2C7005EFB6B /* UIView+Extention.m in Sources */ = {isa = PBXBuildFile; fileRef = A85DD4692490E2C7005EFB6B /* UIView+Extention.m */; };
/* End PBXBuildFile section */

/* Begin PBXFileReference section */
		A85DD4492490C587005EFB6B /* scrollerDemo.app */ = {isa = PBXFileReference; explicitFileType = wrapper.application; includeInIndex = 0; path = scrollerDemo.app; sourceTree = BUILT_PRODUCTS_DIR; };
		A85DD44C2490C588005EFB6B /* AppDelegate.h */ = {isa = PBXFileReference; lastKnownFileType = sourcecode.c.h; path = AppDelegate.h; sourceTree = "<group>"; };
		A85DD44D2490C588005EFB6B /* AppDelegate.m */ = {isa = PBXFileReference; lastKnownFileType = sourcecode.c.objc; path = AppDelegate.m; sourceTree = "<group>"; };
		A85DD44F2490C588005EFB6B /* SceneDelegate.h */ = {isa = PBXFileReference; lastKnownFileType = sourcecode.c.h; path = SceneDelegate.h; sourceTree = "<group>"; };
		A85DD4502490C588005EFB6B /* SceneDelegate.m */ = {isa = PBXFileReference; lastKnownFileType = sourcecode.c.objc; path = SceneDelegate.m; sourceTree = "<group>"; };
		A85DD4522490C588005EFB6B /* ViewController.h */ = {isa = PBXFileReference; lastKnownFileType = sourcecode.c.h; path = ViewController.h; sourceTree = "<group>"; };
		A85DD4532490C588005EFB6B /* ViewController.m */ = {isa = PBXFileReference; lastKnownFileType = sourcecode.c.objc; path = ViewController.m; sourceTree = "<group>"; };
		A85DD4562490C588005EFB6B /* Base */ = {isa = PBXFileReference; lastKnownFileType = file.storyboard; name = Base; path = Base.lproj/Main.storyboard; sourceTree = "<group>"; };
		A85DD4582490C58F005EFB6B /* Assets.xcassets */ = {isa = PBXFileReference; lastKnownFileType = folder.assetcatalog; path = Assets.xcassets; sourceTree = "<group>"; };
		A85DD45B2490C58F005EFB6B /* Base */ = {isa = PBXFileReference; lastKnownFileType = file.storyboard; name = Base; path = Base.lproj/LaunchScreen.storyboard; sourceTree = "<group>"; };
		A85DD45D2490C58F005EFB6B /* Info.plist */ = {isa = PBXFileReference; lastKnownFileType = text.plist.xml; path = Info.plist; sourceTree = "<group>"; };
		A85DD45E2490C58F005EFB6B /* main.m */ = {isa = PBXFileReference; lastKnownFileType = sourcecode.c.objc; path = main.m; sourceTree = "<group>"; };
		A85DD4652490C5AD005EFB6B /* topView.h */ = {isa = PBXFileReference; lastKnownFileType = sourcecode.c.h; path = topView.h; sourceTree = "<group>"; };
		A85DD4662490C5AD005EFB6B /* topView.m */ = {isa = PBXFileReference; lastKnownFileType = sourcecode.c.objc; path = topView.m; sourceTree = "<group>"; };
		A85DD4682490E2C7005EFB6B /* UIView+Extention.h */ = {isa = PBXFileReference; lastKnownFileType = sourcecode.c.h; path = "UIView+Extention.h"; sourceTree = "<group>"; };
		A85DD4692490E2C7005EFB6B /* UIView+Extention.m */ = {isa = PBXFileReference; lastKnownFileType = sourcecode.c.objc; path = "UIView+Extention.m"; sourceTree = "<group>"; };
/* End PBXFileReference section */

/* Begin PBXFrameworksBuildPhase section */
		A85DD4462490C587005EFB6B /* Frameworks */ = {
			isa = PBXFrameworksBuildPhase;
			buildActionMask = 2147483647;
			files = (
			);
			runOnlyForDeploymentPostprocessing = 0;
		};
/* End PBXFrameworksBuildPhase section */

/* Begin PBXGroup section */
		A85DD4402490C587005EFB6B = {
			isa = PBXGroup;
			children = (
				A85DD44B2490C588005EFB6B /* scrollerDemo */,
				A85DD44A2490C587005EFB6B /* Products */,
			);
			sourceTree = "<group>";
		};
		A85DD44A2490C587005EFB6B /* Products */ = {
			isa = PBXGroup;
			children = (
				A85DD4492490C587005EFB6B /* scrollerDemo.app */,
			);
			name = Products;
			sourceTree = "<group>";
		};
		A85DD44B2490C588005EFB6B /* scrollerDemo */ = {
			isa = PBXGroup;
			children = (
				A85DD44C2490C588005EFB6B /* AppDelegate.h */,
				A85DD44D2490C588005EFB6B /* AppDelegate.m */,
				A85DD44F2490C588005EFB6B /* SceneDelegate.h */,
				A85DD4502490C588005EFB6B /* SceneDelegate.m */,
				A85DD4522490C588005EFB6B /* ViewController.h */,
				A85DD4532490C588005EFB6B /* ViewController.m */,
				A85DD4652490C5AD005EFB6B /* topView.h */,
				A85DD4662490C5AD005EFB6B /* topView.m */,
				A85DD4682490E2C7005EFB6B /* UIView+Extention.h */,
				A85DD4692490E2C7005EFB6B /* UIView+Extention.m */,
				A85DD4552490C588005EFB6B /* Main.storyboard */,
				A85DD4582490C58F005EFB6B /* Assets.xcassets */,
				A85DD45A2490C58F005EFB6B /* LaunchScreen.storyboard */,
				A85DD45D2490C58F005EFB6B /* Info.plist */,
				A85DD45E2490C58F005EFB6B /* main.m */,
			);
			path = scrollerDemo;
			sourceTree = "<group>";
		};
/* End PBXGroup section */

/* Begin PBXNativeTarget section */
		A85DD4482490C587005EFB6B /* scrollerDemo */ = {
			isa = PBXNativeTarget;
			buildConfigurationList = A85DD4622490C58F005EFB6B /* Build configuration list for PBXNativeTarget "scrollerDemo" */;
			buildPhases = (
				A85DD4452490C587005EFB6B /* Sources */,
				A85DD4462490C587005EFB6B /* Frameworks */,
				A85DD4472490C587005EFB6B /* Resources */,
			);
			buildRules = (
			);
			dependencies = (
			);
			name = scrollerDemo;
			productName = scrollerDemo;
			productReference = A85DD4492490C587005EFB6B /* scrollerDemo.app */;
			productType = "com.apple.product-type.application";
		};
/* End PBXNativeTarget section */

/* Begin PBXProject section */
		A85DD4412490C587005EFB6B /* Project object */ = {
			isa = PBXProject;
			attributes = {
				LastUpgradeCheck = 1140;
				ORGANIZATIONNAME = "郑志成";
				TargetAttributes = {
					A85DD4482490C587005EFB6B = {
						CreatedOnToolsVersion = 11.4.1;
					};
				};
			};
			buildConfigurationList = A85DD4442490C587005EFB6B /* Build configuration list for PBXProject "scrollerDemo" */;
			compatibilityVersion = "Xcode 9.3";
			developmentRegion = en;
			hasScannedForEncodings = 0;
			knownRegions = (
				en,
				Base,
			);
			mainGroup = A85DD4402490C587005EFB6B;
			productRefGroup = A85DD44A2490C587005EFB6B /* Products */;
			projectDirPath = "";
			projectRoot = "";
			targets = (
				A85DD4482490C587005EFB6B /* scrollerDemo */,
			);
		};
/* End PBXProject section */

/* Begin PBXResourcesBuildPhase section */
		A85DD4472490C587005EFB6B /* Resources */ = {
			isa = PBXResourcesBuildPhase;
			buildActionMask = 2147483647;
			files = (
				A85DD45C2490C58F005EFB6B /* LaunchScreen.storyboard in Resources */,
				A85DD4592490C58F005EFB6B /* Assets.xcassets in Resources */,
				A85DD4572490C588005EFB6B /* Main.storyboard in Resources */,
			);
			runOnlyForDeploymentPostprocessing = 0;
		};
/* End PBXResourcesBuildPhase section */

/* Begin PBXSourcesBuildPhase section */
		A85DD4452490C587005EFB6B /* Sources */ = {
			isa = PBXSourcesBuildPhase;
			buildActionMask = 2147483647;
			files = (
				A85DD4542490C588005EFB6B /* ViewController.m in Sources */,
				A85DD46A2490E2C7005EFB6B /* UIView+Extention.m in Sources */,
				A85DD44E2490C588005EFB6B /* AppDelegate.m in Sources */,
				A85DD45F2490C58F005EFB6B /* main.m in Sources */,
				A85DD4512490C588005EFB6B /* SceneDelegate.m in Sources */,
				A85DD4672490C5AD005EFB6B /* topView.m in Sources */,
			);
			runOnlyForDeploymentPostprocessing = 0;
		};
/* End PBXSourcesBuildPhase section */

/* Begin PBXVariantGroup section */
		A85DD4552490C588005EFB6B /* Main.storyboard */ = {
			isa = PBXVariantGroup;
			children = (
				A85DD4562490C588005EFB6B /* Base */,
			);
			name = Main.storyboard;
			sourceTree = "<group>";
		};
		A85DD45A2490C58F005EFB6B /* LaunchScreen.storyboard */ = {
			isa = PBXVariantGroup;
			children = (
				A85DD45B2490C58F005EFB6B /* Base */,
			);
			name = LaunchScreen.storyboard;
			sourceTree = "<group>";
		};
/* End PBXVariantGroup section */

/* Begin XCBuildConfiguration section */
		A85DD4602490C58F005EFB6B /* Debug */ = {
			isa = XCBuildConfiguration;
			buildSettings = {
				ALWAYS_SEARCH_USER_PATHS = NO;
				CLANG_ANALYZER_NONNULL = YES;
				CLANG_ANALYZER_NUMBER_OBJECT_CONVERSION = YES_AGGRESSIVE;
				CLANG_CXX_LANGUAGE_STANDARD = "gnu++14";
				CLANG_CXX_LIBRARY = "libc++";
				CLANG_ENABLE_MODULES = YES;
				CLANG_ENABLE_OBJC_ARC = YES;
				CLANG_ENABLE_OBJC_WEAK = YES;
				CLANG_WARN_BLOCK_CAPTURE_AUTORELEASING = YES;
				CLANG_WARN_BOOL_CONVERSION = YES;
				CLANG_WARN_COMMA = YES;
				CLANG_WARN_CONSTANT_CONVERSION = YES;
				CLANG_WARN_DEPRECATED_OBJC_IMPLEMENTATIONS = YES;
				CLANG_WARN_DIRECT_OBJC_ISA_USAGE = YES_ERROR;
				CLANG_WARN_DOCUMENTATION_COMMENTS = YES;
				CLANG_WARN_EMPTY_BODY = YES;
				CLANG_WARN_ENUM_CONVERSION = YES;
				CLANG_WARN_INFINITE_RECURSION = YES;
				CLANG_WARN_INT_CONVERSION = YES;
				CLANG_WARN_NON_LITERAL_NULL_CONVERSION = YES;
				CLANG_WARN_OBJC_IMPLICIT_RETAIN_SELF = YES;
				CLANG_WARN_OBJC_LITERAL_CONVERSION = YES;
				CLANG_WARN_OBJC_ROOT_CLASS = YES_ERROR;
				CLANG_WARN_RANGE_LOOP_ANALYSIS = YES;
				CLANG_WARN_STRICT_PROTOTYPES = YES;
				CLANG_WARN_SUSPICIOUS_MOVE = YES;
				CLANG_WARN_UNGUARDED_AVAILABILITY = YES_AGGRESSIVE;
				CLANG_WARN_UNREACHABLE_CODE = YES;
				CLANG_WARN__DUPLICATE_METHOD_MATCH = YES;
				COPY_PHASE_STRIP = NO;
				DEBUG_INFORMATION_FORMAT = dwarf;
				ENABLE_STRICT_OBJC_MSGSEND = YES;
				ENABLE_TESTABILITY = YES;
				GCC_C_LANGUAGE_STANDARD = gnu11;
				GCC_DYNAMIC_NO_PIC = NO;
				GCC_NO_COMMON_BLOCKS = YES;
				GCC_OPTIMIZATION_LEVEL = 0;
				GCC_PREPROCESSOR_DEFINITIONS = (
					"DEBUG=1",
					"$(inherited)",
				);
				GCC_WARN_64_TO_32_BIT_CONVERSION = YES;
				GCC_WARN_ABOUT_RETURN_TYPE = YES_ERROR;
				GCC_WARN_UNDECLARED_SELECTOR = YES;
				GCC_WARN_UNINITIALIZED_AUTOS = YES_AGGRESSIVE;
				GCC_WARN_UNUSED_FUNCTION = YES;
				GCC_WARN_UNUSED_VARIABLE = YES;
				IPHONEOS_DEPLOYMENT_TARGET = 13.4;
				MTL_ENABLE_DEBUG_INFO = INCLUDE_SOURCE;
				MTL_FAST_MATH = YES;
				ONLY_ACTIVE_ARCH = YES;
				SDKROOT = iphoneos;
			};
			name = Debug;
		};
		A85DD4612490C58F005EFB6B /* Release */ = {
			isa = XCBuildConfiguration;
			buildSettings = {
				ALWAYS_SEARCH_USER_PATHS = NO;
				CLANG_ANALYZER_NONNULL = YES;
				CLANG_ANALYZER_NUMBER_OBJECT_CONVERSION = YES_AGGRESSIVE;
				CLANG_CXX_LANGUAGE_STANDARD = "gnu++14";
				CLANG_CXX_LIBRARY = "libc++";
				CLANG_ENABLE_MODULES = YES;
				CLANG_ENABLE_OBJC_ARC = YES;
				CLANG_ENABLE_OBJC_WEAK = YES;
				CLANG_WARN_BLOCK_CAPTURE_AUTORELEASING = YES;
				CLANG_WARN_BOOL_CONVERSION = YES;
				CLANG_WARN_COMMA = YES;
				CLANG_WARN_CONSTANT_CONVERSION = YES;
				CLANG_WARN_DEPRECATED_OBJC_IMPLEMENTATIONS = YES;
				CLANG_WARN_DIRECT_OBJC_ISA_USAGE = YES_ERROR;
				CLANG_WARN_DOCUMENTATION_COMMENTS = YES;
				CLANG_WARN_EMPTY_BODY = YES;
				CLANG_WARN_ENUM_CONVERSION = YES;
				CLANG_WARN_INFINITE_RECURSION = YES;
				CLANG_WARN_INT_CONVERSION = YES;
				CLANG_WARN_NON_LITERAL_NULL_CONVERSION = YES;
				CLANG_WARN_OBJC_IMPLICIT_RETAIN_SELF = YES;
				CLANG_WARN_OBJC_LITERAL_CONVERSION = YES;
				CLANG_WARN_OBJC_ROOT_CLASS = YES_ERROR;
				CLANG_WARN_RANGE_LOOP_ANALYSIS = YES;
				CLANG_WARN_STRICT_PROTOTYPES = YES;
				CLANG_WARN_SUSPICIOUS_MOVE = YES;
				CLANG_WARN_UNGUARDED_AVAILABILITY = YES_AGGRESSIVE;
				CLANG_WARN_UNREACHABLE_CODE = YES;
				CLANG_WARN__DUPLICATE_METHOD_MATCH = YES;
				COPY_PHASE_STRIP = NO;
				DEBUG_INFORMATION_FORMAT = "dwarf-with-dsym";
				ENABLE_NS_ASSERTIONS = NO;
				ENABLE_STRICT_OBJC_MSGSEND = YES;
				GCC_C_LANGUAGE_STANDARD = gnu11;
				GCC_NO_COMMON_BLOCKS = YES;
				GCC_WARN_64_TO_32_BIT_CONVERSION = YES;
				GCC_WARN_ABOUT_RETURN_TYPE = YES_ERROR;
				GCC_WARN_UNDECLARED_SELECTOR = YES;
				GCC_WARN_UNINITIALIZED_AUTOS = YES_AGGRESSIVE;
				GCC_WARN_UNUSED_FUNCTION = YES;
				GCC_WARN_UNUSED_VARIABLE = YES;
				IPHONEOS_DEPLOYMENT_TARGET = 13.4;
				MTL_ENABLE_DEBUG_INFO = NO;
				MTL_FAST_MATH = YES;
				SDKROOT = iphoneos;
				VALIDATE_PRODUCT = YES;
			};
			name = Release;
		};
		A85DD4632490C58F005EFB6B /* Debug */ = {
			isa = XCBuildConfiguration;
			buildSettings = {
				ASSETCATALOG_COMPILER_APPICON_NAME = AppIcon;
				CODE_SIGN_STYLE = Automatic;
				DEVELOPMENT_TEAM = Q4FM28863B;
				INFOPLIST_FILE = scrollerDemo/Info.plist;
				IPHONEOS_DEPLOYMENT_TARGET = 9.0;
				LD_RUNPATH_SEARCH_PATHS = (
					"$(inherited)",
					"@executable_path/Frameworks",
				);
				PRODUCT_BUNDLE_IDENTIFIER = weidong.scrollerDemo;
				PRODUCT_NAME = "$(TARGET_NAME)";
				TARGETED_DEVICE_FAMILY = "1,2";
			};
			name = Debug;
		};
		A85DD4642490C58F005EFB6B /* Release */ = {
			isa = XCBuildConfiguration;
			buildSettings = {
				ASSETCATALOG_COMPILER_APPICON_NAME = AppIcon;
				CODE_SIGN_STYLE = Automatic;
				DEVELOPMENT_TEAM = Q4FM28863B;
				INFOPLIST_FILE = scrollerDemo/Info.plist;
				IPHONEOS_DEPLOYMENT_TARGET = 9.0;
				LD_RUNPATH_SEARCH_PATHS = (
					"$(inherited)",
					"@executable_path/Frameworks",
				);
				PRODUCT_BUNDLE_IDENTIFIER = weidong.scrollerDemo;
				PRODUCT_NAME = "$(TARGET_NAME)";
				TARGETED_DEVICE_FAMILY = "1,2";
			};
			name = Release;
		};
/* End XCBuildConfiguration section */

/* Begin XCConfigurationList section */
		A85DD4442490C587005EFB6B /* Build configuration list for PBXProject "scrollerDemo" */ = {
			isa = XCConfigurationList;
			buildConfigurations = (
				A85DD4602490C58F005EFB6B /* Debug */,
				A85DD4612490C58F005EFB6B /* Release */,
			);
			defaultConfigurationIsVisible = 0;
			defaultConfigurationName = Release;
		};
		A85DD4622490C58F005EFB6B /* Build configuration list for PBXNativeTarget "scrollerDemo" */ = {
			isa = XCConfigurationList;
			buildConfigurations = (
				A85DD4632490C58F005EFB6B /* Debug */,
				A85DD4642490C58F005EFB6B /* Release */,
			);
			defaultConfigurationIsVisible = 0;
			defaultConfigurationName = Release;
		};
/* End XCConfigurationList section */
	};
	rootObject = A85DD4412490C587005EFB6B /* Project object */;
}
